// !$*UTF8*$!
{
	archiveVersion = 1;
	classes = {
	};
	objectVersion = 50;
	objects = {

/* Begin PBXBuildFile section */
		B11086CF24CC23460098912B /* AppDelegate.swift in Sources */ = {isa = PBXBuildFile; fileRef = B11086CE24CC23460098912B /* AppDelegate.swift */; };
		B11086D124CC23460098912B /* SceneDelegate.swift in Sources */ = {isa = PBXBuildFile; fileRef = B11086D024CC23460098912B /* SceneDelegate.swift */; };
		B11086D324CC23460098912B /* ViewController.swift in Sources */ = {isa = PBXBuildFile; fileRef = B11086D224CC23460098912B /* ViewController.swift */; };
		B11086D624CC23460098912B /* Main.storyboard in Resources */ = {isa = PBXBuildFile; fileRef = B11086D424CC23460098912B /* Main.storyboard */; };
		B11086D824CC23480098912B /* Assets.xcassets in Resources */ = {isa = PBXBuildFile; fileRef = B11086D724CC23480098912B /* Assets.xcassets */; };
		B11086DB24CC23480098912B /* LaunchScreen.storyboard in Resources */ = {isa = PBXBuildFile; fileRef = B11086D924CC23480098912B /* LaunchScreen.storyboard */; };
		D3A37F012BA529B26F886869 /* Pods_iOSDispatch.framework in Frameworks */ = {isa = PBXBuildFile; fileRef = 71AB0C4BE09C9899AA0050CD /* Pods_iOSDispatch.framework */; };
/* End PBXBuildFile section */

/* Begin PBXFileReference section */
		71AB0C4BE09C9899AA0050CD /* Pods_iOSDispatch.framework */ = {isa = PBXFileReference; explicitFileType = wrapper.framework; includeInIndex = 0; path = Pods_iOSDispatch.framework; sourceTree = BUILT_PRODUCTS_DIR; };
		B11086CB24CC23460098912B /* iOSDispatch.app */ = {isa = PBXFileReference; explicitFileType = wrapper.application; includeInIndex = 0; path = iOSDispatch.app; sourceTree = BUILT_PRODUCTS_DIR; };
		B11086CE24CC23460098912B /* AppDelegate.swift */ = {isa = PBXFileReference; lastKnownFileType = sourcecode.swift; path = AppDelegate.swift; sourceTree = "<group>"; };
		B11086D024CC23460098912B /* SceneDelegate.swift */ = {isa = PBXFileReference; lastKnownFileType = sourcecode.swift; path = SceneDelegate.swift; sourceTree = "<group>"; };
		B11086D224CC23460098912B /* ViewController.swift */ = {isa = PBXFileReference; lastKnownFileType = sourcecode.swift; path = ViewController.swift; sourceTree = "<group>"; };
		B11086D524CC23460098912B /* Base */ = {isa = PBXFileReference; lastKnownFileType = file.storyboard; name = Base; path = Base.lproj/Main.storyboard; sourceTree = "<group>"; };
		B11086D724CC23480098912B /* Assets.xcassets */ = {isa = PBXFileReference; lastKnownFileType = folder.assetcatalog; path = Assets.xcassets; sourceTree = "<group>"; };
		B11086DA24CC23480098912B /* Base */ = {isa = PBXFileReference; lastKnownFileType = file.storyboard; name = Base; path = Base.lproj/LaunchScreen.storyboard; sourceTree = "<group>"; };
		B11086DC24CC23480098912B /* Info.plist */ = {isa = PBXFileReference; lastKnownFileType = text.plist.xml; path = Info.plist; sourceTree = "<group>"; };
		EC584009A00A86E0AFAC68EE /* Pods-iOSDispatch.release.xcconfig */ = {isa = PBXFileReference; includeInIndex = 1; lastKnownFileType = text.xcconfig; name = "Pods-iOSDispatch.release.xcconfig"; path = "Target Support Files/Pods-iOSDispatch/Pods-iOSDispatch.release.xcconfig"; sourceTree = "<group>"; };
		F21C8BE34274298B3632470D /* Pods-iOSDispatch.debug.xcconfig */ = {isa = PBXFileReference; includeInIndex = 1; lastKnownFileType = text.xcconfig; name = "Pods-iOSDispatch.debug.xcconfig"; path = "Target Support Files/Pods-iOSDispatch/Pods-iOSDispatch.debug.xcconfig"; sourceTree = "<group>"; };
/* End PBXFileReference section */

/* Begin PBXFrameworksBuildPhase section */
		B11086C824CC23460098912B /* Frameworks */ = {
			isa = PBXFrameworksBuildPhase;
			buildActionMask = 2147483647;
			files = (
				D3A37F012BA529B26F886869 /* Pods_iOSDispatch.framework in Frameworks */,
			);
			runOnlyForDeploymentPostprocessing = 0;
		};
/* End PBXFrameworksBuildPhase section */

/* Begin PBXGroup section */
		484945C8FAC90CCF52E3FEEC /* Pods */ = {
			isa = PBXGroup;
			children = (
				F21C8BE34274298B3632470D /* Pods-iOSDispatch.debug.xcconfig */,
				EC584009A00A86E0AFAC68EE /* Pods-iOSDispatch.release.xcconfig */,
			);
			name = Pods;
			path = Pods;
			sourceTree = "<group>";
		};
		B11086C224CC23460098912B = {
			isa = PBXGroup;
			children = (
				B11086CD24CC23460098912B /* iOSDispatch */,
				B11086CC24CC23460098912B /* Products */,
				484945C8FAC90CCF52E3FEEC /* Pods */,
				C2EF0433B36A968B2B02F6DD /* Frameworks */,
			);
			sourceTree = "<group>";
		};
		B11086CC24CC23460098912B /* Products */ = {
			isa = PBXGroup;
			children = (
				B11086CB24CC23460098912B /* iOSDispatch.app */,
			);
			name = Products;
			sourceTree = "<group>";
		};
		B11086CD24CC23460098912B /* iOSDispatch */ = {
			isa = PBXGroup;
			children = (
				B11086CE24CC23460098912B /* AppDelegate.swift */,
				B11086D024CC23460098912B /* SceneDelegate.swift */,
				B11086D224CC23460098912B /* ViewController.swift */,
				B11086D424CC23460098912B /* Main.storyboard */,
				B11086D724CC23480098912B /* Assets.xcassets */,
				B11086D924CC23480098912B /* LaunchScreen.storyboard */,
				B11086DC24CC23480098912B /* Info.plist */,
			);
			path = iOSDispatch;
			sourceTree = "<group>";
		};
		C2EF0433B36A968B2B02F6DD /* Frameworks */ = {
			isa = PBXGroup;
			children = (
				71AB0C4BE09C9899AA0050CD /* Pods_iOSDispatch.framework */,
			);
			name = Frameworks;
			sourceTree = "<group>";
		};
/* End PBXGroup section */

/* Begin PBXNativeTarget section */
		B11086CA24CC23460098912B /* iOSDispatch */ = {
			isa = PBXNativeTarget;
			buildConfigurationList = B11086DF24CC23480098912B /* Build configuration list for PBXNativeTarget "iOSDispatch" */;
			buildPhases = (
				3CED2FCB924B5995718C5A4C /* [CP] Check Pods Manifest.lock */,
				B11086C724CC23460098912B /* Sources */,
				B11086C824CC23460098912B /* Frameworks */,
				B11086C924CC23460098912B /* Resources */,
			);
			buildRules = (
			);
			dependencies = (
			);
			name = iOSDispatch;
			productName = iOSDispatch;
			productReference = B11086CB24CC23460098912B /* iOSDispatch.app */;
			productType = "com.apple.product-type.application";
		};
/* End PBXNativeTarget section */

/* Begin PBXProject section */
		B11086C324CC23460098912B /* Project object */ = {
			isa = PBXProject;
			attributes = {
				LastSwiftUpdateCheck = 1160;
				LastUpgradeCheck = 1160;
				ORGANIZATIONNAME = "Info qmic";
				TargetAttributes = {
					B11086CA24CC23460098912B = {
						CreatedOnToolsVersion = 11.6;
					};
				};
			};
			buildConfigurationList = B11086C624CC23460098912B /* Build configuration list for PBXProject "iOSDispatch" */;
			compatibilityVersion = "Xcode 9.3";
			developmentRegion = en;
			hasScannedForEncodings = 0;
			knownRegions = (
				en,
				Base,
			);
			mainGroup = B11086C224CC23460098912B;
			productRefGroup = B11086CC24CC23460098912B /* Products */;
			projectDirPath = "";
			projectRoot = "";
			targets = (
				B11086CA24CC23460098912B /* iOSDispatch */,
			);
		};
/* End PBXProject section */

/* Begin PBXResourcesBuildPhase section */
		B11086C924CC23460098912B /* Resources */ = {
			isa = PBXResourcesBuildPhase;
			buildActionMask = 2147483647;
			files = (
				B11086DB24CC23480098912B /* LaunchScreen.storyboard in Resources */,
				B11086D824CC23480098912B /* Assets.xcassets in Resources */,
				B11086D624CC23460098912B /* Main.storyboard in Resources */,
			);
			runOnlyForDeploymentPostprocessing = 0;
		};
/* End PBXResourcesBuildPhase section */

/* Begin PBXShellScriptBuildPhase section */
		3CED2FCB924B5995718C5A4C /* [CP] Check Pods Manifest.lock */ = {
			isa = PBXShellScriptBuildPhase;
			buildActionMask = 2147483647;
			files = (
			);
			inputFileListPaths = (
			);
			inputPaths = (
				"${PODS_PODFILE_DIR_PATH}/Podfile.lock",
				"${PODS_ROOT}/Manifest.lock",
			);
			name = "[CP] Check Pods Manifest.lock";
			outputFileListPaths = (
			);
			outputPaths = (
				"$(DERIVED_FILE_DIR)/Pods-iOSDispatch-checkManifestLockResult.txt",
			);
			runOnlyForDeploymentPostprocessing = 0;
			shellPath = /bin/sh;
			shellScript = "diff \"${PODS_PODFILE_DIR_PATH}/Podfile.lock\" \"${PODS_ROOT}/Manifest.lock\" > /dev/null\nif [ $? != 0 ] ; then\n    # print error to STDERR\n    echo \"error: The sandbox is not in sync with the Podfile.lock. Run 'pod install' or update your CocoaPods installation.\" >&2\n    exit 1\nfi\n# This output is used by Xcode 'outputs' to avoid re-running this script phase.\necho \"SUCCESS\" > \"${SCRIPT_OUTPUT_FILE_0}\"\n";
			showEnvVarsInLog = 0;
		};
/* End PBXShellScriptBuildPhase section */

/* Begin PBXSourcesBuildPhase section */
		B11086C724CC23460098912B /* Sources */ = {
			isa = PBXSourcesBuildPhase;
			buildActionMask = 2147483647;
			files = (
				B11086D324CC23460098912B /* ViewController.swift in Sources */,
				B11086CF24CC23460098912B /* AppDelegate.swift in Sources */,
				B11086D124CC23460098912B /* SceneDelegate.swift in Sources */,
			);
			runOnlyForDeploymentPostprocessing = 0;
		};
/* End PBXSourcesBuildPhase section */

/* Begin PBXVariantGroup section */
		B11086D424CC23460098912B /* Main.storyboard */ = {
			isa = PBXVariantGroup;
			children = (
				B11086D524CC23460098912B /* Base */,
			);
			name = Main.storyboard;
			sourceTree = "<group>";
		};
		B11086D924CC23480098912B /* LaunchScreen.storyboard */ = {
			isa = PBXVariantGroup;
			children = (
				B11086DA24CC23480098912B /* Base */,
			);
			name = LaunchScreen.storyboard;
			sourceTree = "<group>";
		};
/* End PBXVariantGroup section */

/* Begin XCBuildConfiguration section */
		B11086DD24CC23480098912B /* Debug */ = {
			isa = XCBuildConfiguration;
			buildSettings = {
				ALWAYS_SEARCH_USER_PATHS = NO;
				CLANG_ANALYZER_NONNULL = YES;
				CLANG_ANALYZER_NUMBER_OBJECT_CONVERSION = YES_AGGRESSIVE;
				CLANG_CXX_LANGUAGE_STANDARD = "gnu++14";
				CLANG_CXX_LIBRARY = "libc++";
				CLANG_ENABLE_MODULES = YES;
				CLANG_ENABLE_OBJC_ARC = YES;
				CLANG_ENABLE_OBJC_WEAK = YES;
				CLANG_WARN_BLOCK_CAPTURE_AUTORELEASING = YES;
				CLANG_WARN_BOOL_CONVERSION = YES;
				CLANG_WARN_COMMA = YES;
				CLANG_WARN_CONSTANT_CONVERSION = YES;
				CLANG_WARN_DEPRECATED_OBJC_IMPLEMENTATIONS = YES;
				CLANG_WARN_DIRECT_OBJC_ISA_USAGE = YES_ERROR;
				CLANG_WARN_DOCUMENTATION_COMMENTS = YES;
				CLANG_WARN_EMPTY_BODY = YES;
				CLANG_WARN_ENUM_CONVERSION = YES;
				CLANG_WARN_INFINITE_RECURSION = YES;
				CLANG_WARN_INT_CONVERSION = YES;
				CLANG_WARN_NON_LITERAL_NULL_CONVERSION = YES;
				CLANG_WARN_OBJC_IMPLICIT_RETAIN_SELF = YES;
				CLANG_WARN_OBJC_LITERAL_CONVERSION = YES;
				CLANG_WARN_OBJC_ROOT_CLASS = YES_ERROR;
				CLANG_WARN_RANGE_LOOP_ANALYSIS = YES;
				CLANG_WARN_STRICT_PROTOTYPES = YES;
				CLANG_WARN_SUSPICIOUS_MOVE = YES;
				CLANG_WARN_UNGUARDED_AVAILABILITY = YES_AGGRESSIVE;
				CLANG_WARN_UNREACHABLE_CODE = YES;
				CLANG_WARN__DUPLICATE_METHOD_MATCH = YES;
				COPY_PHASE_STRIP = NO;
				DEBUG_INFORMATION_FORMAT = dwarf;
				ENABLE_STRICT_OBJC_MSGSEND = YES;
				ENABLE_TESTABILITY = YES;
				GCC_C_LANGUAGE_STANDARD = gnu11;
				GCC_DYNAMIC_NO_PIC = NO;
				GCC_NO_COMMON_BLOCKS = YES;
				GCC_OPTIMIZATION_LEVEL = 0;
				GCC_PREPROCESSOR_DEFINITIONS = (
					"DEBUG=1",
					"$(inherited)",
				);
				GCC_WARN_64_TO_32_BIT_CONVERSION = YES;
				GCC_WARN_ABOUT_RETURN_TYPE = YES_ERROR;
				GCC_WARN_UNDECLARED_SELECTOR = YES;
				GCC_WARN_UNINITIALIZED_AUTOS = YES_AGGRESSIVE;
				GCC_WARN_UNUSED_FUNCTION = YES;
				GCC_WARN_UNUSED_VARIABLE = YES;
				IPHONEOS_DEPLOYMENT_TARGET = 13.6;
				MTL_ENABLE_DEBUG_INFO = INCLUDE_SOURCE;
				MTL_FAST_MATH = YES;
				ONLY_ACTIVE_ARCH = YES;
				SDKROOT = iphoneos;
				SWIFT_ACTIVE_COMPILATION_CONDITIONS = DEBUG;
				SWIFT_OPTIMIZATION_LEVEL = "-Onone";
			};
			name = Debug;
		};
		B11086DE24CC23480098912B /* Release */ = {
			isa = XCBuildConfiguration;
			buildSettings = {
				ALWAYS_SEARCH_USER_PATHS = NO;
				CLANG_ANALYZER_NONNULL = YES;
				CLANG_ANALYZER_NUMBER_OBJECT_CONVERSION = YES_AGGRESSIVE;
				CLANG_CXX_LANGUAGE_STANDARD = "gnu++14";
				CLANG_CXX_LIBRARY = "libc++";
				CLANG_ENABLE_MODULES = YES;
				CLANG_ENABLE_OBJC_ARC = YES;
				CLANG_ENABLE_OBJC_WEAK = YES;
				CLANG_WARN_BLOCK_CAPTURE_AUTORELEASING = YES;
				CLANG_WARN_BOOL_CONVERSION = YES;
				CLANG_WARN_COMMA = YES;
				CLANG_WARN_CONSTANT_CONVERSION = YES;
				CLANG_WARN_DEPRECATED_OBJC_IMPLEMENTATIONS = YES;
				CLANG_WARN_DIRECT_OBJC_ISA_USAGE = YES_ERROR;
				CLANG_WARN_DOCUMENTATION_COMMENTS = YES;
				CLANG_WARN_EMPTY_BODY = YES;
				CLANG_WARN_ENUM_CONVERSION = YES;
				CLANG_WARN_INFINITE_RECURSION = YES;
				CLANG_WARN_INT_CONVERSION = YES;
				CLANG_WARN_NON_LITERAL_NULL_CONVERSION = YES;
				CLANG_WARN_OBJC_IMPLICIT_RETAIN_SELF = YES;
				CLANG_WARN_OBJC_LITERAL_CONVERSION = YES;
				CLANG_WARN_OBJC_ROOT_CLASS = YES_ERROR;
				CLANG_WARN_RANGE_LOOP_ANALYSIS = YES;
				CLANG_WARN_STRICT_PROTOTYPES = YES;
				CLANG_WARN_SUSPICIOUS_MOVE = YES;
				CLANG_WARN_UNGUARDED_AVAILABILITY = YES_AGGRESSIVE;
				CLANG_WARN_UNREACHABLE_CODE = YES;
				CLANG_WARN__DUPLICATE_METHOD_MATCH = YES;
				COPY_PHASE_STRIP = NO;
				DEBUG_INFORMATION_FORMAT = "dwarf-with-dsym";
				ENABLE_NS_ASSERTIONS = NO;
				ENABLE_STRICT_OBJC_MSGSEND = YES;
				GCC_C_LANGUAGE_STANDARD = gnu11;
				GCC_NO_COMMON_BLOCKS = YES;
				GCC_WARN_64_TO_32_BIT_CONVERSION = YES;
				GCC_WARN_ABOUT_RETURN_TYPE = YES_ERROR;
				GCC_WARN_UNDECLARED_SELECTOR = YES;
				GCC_WARN_UNINITIALIZED_AUTOS = YES_AGGRESSIVE;
				GCC_WARN_UNUSED_FUNCTION = YES;
				GCC_WARN_UNUSED_VARIABLE = YES;
				IPHONEOS_DEPLOYMENT_TARGET = 13.6;
				MTL_ENABLE_DEBUG_INFO = NO;
				MTL_FAST_MATH = YES;
				SDKROOT = iphoneos;
				SWIFT_COMPILATION_MODE = wholemodule;
				SWIFT_OPTIMIZATION_LEVEL = "-O";
				VALIDATE_PRODUCT = YES;
			};
			name = Release;
		};
		B11086E024CC23480098912B /* Debug */ = {
			isa = XCBuildConfiguration;
			baseConfigurationReference = F21C8BE34274298B3632470D /* Pods-iOSDispatch.debug.xcconfig */;
			buildSettings = {
				ASSETCATALOG_COMPILER_APPICON_NAME = AppIcon;
				CODE_SIGN_STYLE = Automatic;
				DEVELOPMENT_TEAM = 742ZEU3W29;
				INFOPLIST_FILE = iOSDispatch/Info.plist;
				LD_RUNPATH_SEARCH_PATHS = (
					"$(inherited)",
					"@executable_path/Frameworks",
				);
				PRODUCT_BUNDLE_IDENTIFIER = com.qmic.samplelaoder.iOSDispatch;
				PRODUCT_NAME = "$(TARGET_NAME)";
				SWIFT_VERSION = 5.0;
				TARGETED_DEVICE_FAMILY = "1,2";
			};
			name = Debug;
		};
		B11086E124CC23480098912B /* Release */ = {
			isa = XCBuildConfiguration;
			baseConfigurationReference = EC584009A00A86E0AFAC68EE /* Pods-iOSDispatch.release.xcconfig */;
			buildSettings = {
				ASSETCATALOG_COMPILER_APPICON_NAME = AppIcon;
				CODE_SIGN_STYLE = Automatic;
				DEVELOPMENT_TEAM = 742ZEU3W29;
				INFOPLIST_FILE = iOSDispatch/Info.plist;
				LD_RUNPATH_SEARCH_PATHS = (
					"$(inherited)",
					"@executable_path/Frameworks",
				);
				PRODUCT_BUNDLE_IDENTIFIER = com.qmic.samplelaoder.iOSDispatch;
				PRODUCT_NAME = "$(TARGET_NAME)";
				SWIFT_VERSION = 5.0;
				TARGETED_DEVICE_FAMILY = "1,2";
			};
			name = Release;
		};
/* End XCBuildConfiguration section */

/* Begin XCConfigurationList section */
		B11086C624CC23460098912B /* Build configuration list for PBXProject "iOSDispatch" */ = {
			isa = XCConfigurationList;
			buildConfigurations = (
				B11086DD24CC23480098912B /* Debug */,
				B11086DE24CC23480098912B /* Release */,
			);
			defaultConfigurationIsVisible = 0;
			defaultConfigurationName = Release;
		};
		B11086DF24CC23480098912B /* Build configuration list for PBXNativeTarget "iOSDispatch" */ = {
			isa = XCConfigurationList;
			buildConfigurations = (
				B11086E024CC23480098912B /* Debug */,
				B11086E124CC23480098912B /* Release */,
			);
			defaultConfigurationIsVisible = 0;
			defaultConfigurationName = Release;
		};
/* End XCConfigurationList section */
	};
	rootObject = B11086C324CC23460098912B /* Project object */;
}
